
Microsoft Visual Studio Solution File, Format Version 12.00
# Visual Studio Version 17
VisualStudioVersion = 17.5.33516.290
MinimumVisualStudioVersion = 10.0.40219.1
Project("{9A19103F-16F7-4668-BE54-9A1E7A4F7556}") = "CircularLinkedList.Tests", "CircularLinkedList.Tests\CircularLinkedList.Tests.csproj", "{325102C8-582B-4392-BD2C-44F1BCC11168}"
EndProject
Project("{9A19103F-16F7-4668-BE54-9A1E7A4F7556}") = "CircularLinkedList", "CircularLinkedList\CircularLinkedList.csproj", "{B03B8EF2-4E52-4667-88EA-0086621EF3CF}"
EndProject
Project("{9A19103F-16F7-4668-BE54-9A1E7A4F7556}") = "CircularLinkedListUsingGenericArray", "CircularLinkedListUsingGenericArray\CircularLinkedListUsingGenericArray.csproj", "{1679A6D6-D684-4AD1-978E-20ED37B237C5}"
EndProject
Project("{FAE04EC0-301F-11D3-BF4B-00C04F79EFBC}") = "CircularLinkedListUsingGenericArray.Tests", "CircularLinkedListUsingGenericArray.Tests\CircularLinkedListUsingGenericArray.Tests.csproj", "{186475D0-71E9-47AC-8FC9-4F1644922367}"
EndProject
Global
	GlobalSection(SolutionConfigurationPlatforms) = preSolution
		Debug|Any CPU = Debug|Any CPU
		Release|Any CPU = Release|Any CPU
	EndGlobalSection
	GlobalSection(ProjectConfigurationPlatforms) = postSolution
		{325102C8-582B-4392-BD2C-44F1BCC11168}.Debug|Any CPU.ActiveCfg = Debug|Any CPU
		{325102C8-582B-4392-BD2C-44F1BCC11168}.Debug|Any CPU.Build.0 = Debug|Any CPU
		{325102C8-582B-4392-BD2C-44F1BCC11168}.Release|Any CPU.ActiveCfg = Release|Any CPU
		{325102C8-582B-4392-BD2C-44F1BCC11168}.Release|Any CPU.Build.0 = Release|Any CPU
		{B03B8EF2-4E52-4667-88EA-0086621EF3CF}.Debug|Any CPU.ActiveCfg = Debug|Any CPU
		{B03B8EF2-4E52-4667-88EA-0086621EF3CF}.Debug|Any CPU.Build.0 = Debug|Any CPU
		{B03B8EF2-4E52-4667-88EA-0086621EF3CF}.Release|Any CPU.ActiveCfg = Release|Any CPU
		{B03B8EF2-4E52-4667-88EA-0086621EF3CF}.Release|Any CPU.Build.0 = Release|Any CPU
		{1679A6D6-D684-4AD1-978E-20ED37B237C5}.Debug|Any CPU.ActiveCfg = Debug|Any CPU
		{1679A6D6-D684-4AD1-978E-20ED37B237C5}.Debug|Any CPU.Build.0 = Debug|Any CPU
		{1679A6D6-D684-4AD1-978E-20ED37B237C5}.Release|Any CPU.ActiveCfg = Release|Any CPU
		{1679A6D6-D684-4AD1-978E-20ED37B237C5}.Release|Any CPU.Build.0 = Release|Any CPU
		{186475D0-71E9-47AC-8FC9-4F1644922367}.Debug|Any CPU.ActiveCfg = Debug|Any CPU
		{186475D0-71E9-47AC-8FC9-4F1644922367}.Debug|Any CPU.Build.0 = Debug|Any CPU
		{186475D0-71E9-47AC-8FC9-4F1644922367}.Release|Any CPU.ActiveCfg = Release|Any CPU
		{186475D0-71E9-47AC-8FC9-4F1644922367}.Release|Any CPU.Build.0 = Release|Any CPU
	EndGlobalSection
	GlobalSection(SolutionProperties) = preSolution
		HideSolutionNode = FALSE
	EndGlobalSection
	GlobalSection(ExtensibilityGlobals) = postSolution
		SolutionGuid = {EBC7B1A6-05A8-4DB1-9635-CFF52B22CB9B}
	EndGlobalSection
EndGlobal
